
Microsoft Visual Studio Solution File, Format Version 12.00
# Visual Studio Version 17
VisualStudioVersion = 17.3.32825.248
MinimumVisualStudioVersion = 10.0.40219.1
Project("{FAE04EC0-301F-11D3-BF4B-00C04F79EFBC}") = "szotar", "szotar\szotar.csproj", "{9F0F90C1-021C-4DC7-9D8C-666ADB606D8D}"
EndProject
Global
	GlobalSection(SolutionConfigurationPlatforms) = preSolution
		Debug|Any CPU = Debug|Any CPU
		Release|Any CPU = Release|Any CPU
	EndGlobalSection
	GlobalSection(ProjectConfigurationPlatforms) = postSolution
		{9F0F90C1-021C-4DC7-9D8C-666ADB606D8D}.Debug|Any CPU.ActiveCfg = Debug|Any CPU
		{9F0F90C1-021C-4DC7-9D8C-666ADB606D8D}.Debug|Any CPU.Build.0 = Debug|Any CPU
		{9F0F90C1-021C-4DC7-9D8C-666ADB606D8D}.Release|Any CPU.ActiveCfg = Release|Any CPU
		{9F0F90C1-021C-4DC7-9D8C-666ADB606D8D}.Release|Any CPU.Build.0 = Release|Any CPU
	EndGlobalSection
	GlobalSection(SolutionProperties) = preSolution
		HideSolutionNode = FALSE
	EndGlobalSection
	GlobalSection(ExtensibilityGlobals) = postSolution
		SolutionGuid = {0FE790AA-194B-4A60-80DC-48F6CEC05E90}
	EndGlobalSection
EndGlobal
